
Microsoft Visual Studio Solution File, Format Version 12.00
# Visual Studio Version 16
VisualStudioVersion = 16.0.30907.101
MinimumVisualStudioVersion = 10.0.40219.1
Project("{9A19103F-16F7-4668-BE54-9A1E7A4F7556}") = "API.Business", "src\API.Business\API.Business.csproj", "{2A4D9C01-B033-4E07-BDB4-6D10F0AC0409}"
EndProject
Project("{9A19103F-16F7-4668-BE54-9A1E7A4F7556}") = "API.Data", "src\API.Data\API.Data.csproj", "{79AA853B-441C-4BE1-B6E2-AFF4A952C419}"
EndProject
Project("{FAE04EC0-301F-11D3-BF4B-00C04F79EFBC}") = "Rest.API", "src\Rest.API\Rest.API.csproj", "{49A5665F-263C-4200-92A9-89A326F24CBF}"
EndProject
Global
	GlobalSection(SolutionConfigurationPlatforms) = preSolution
		Debug|Any CPU = Debug|Any CPU
		Release|Any CPU = Release|Any CPU
	EndGlobalSection
	GlobalSection(ProjectConfigurationPlatforms) = postSolution
		{2A4D9C01-B033-4E07-BDB4-6D10F0AC0409}.Debug|Any CPU.ActiveCfg = Debug|Any CPU
		{2A4D9C01-B033-4E07-BDB4-6D10F0AC0409}.Debug|Any CPU.Build.0 = Debug|Any CPU
		{2A4D9C01-B033-4E07-BDB4-6D10F0AC0409}.Release|Any CPU.ActiveCfg = Release|Any CPU
		{2A4D9C01-B033-4E07-BDB4-6D10F0AC0409}.Release|Any CPU.Build.0 = Release|Any CPU
		{79AA853B-441C-4BE1-B6E2-AFF4A952C419}.Debug|Any CPU.ActiveCfg = Debug|Any CPU
		{79AA853B-441C-4BE1-B6E2-AFF4A952C419}.Debug|Any CPU.Build.0 = Debug|Any CPU
		{79AA853B-441C-4BE1-B6E2-AFF4A952C419}.Release|Any CPU.ActiveCfg = Release|Any CPU
		{79AA853B-441C-4BE1-B6E2-AFF4A952C419}.Release|Any CPU.Build.0 = Release|Any CPU
		{49A5665F-263C-4200-92A9-89A326F24CBF}.Debug|Any CPU.ActiveCfg = Debug|Any CPU
		{49A5665F-263C-4200-92A9-89A326F24CBF}.Debug|Any CPU.Build.0 = Debug|Any CPU
		{49A5665F-263C-4200-92A9-89A326F24CBF}.Release|Any CPU.ActiveCfg = Release|Any CPU
		{49A5665F-263C-4200-92A9-89A326F24CBF}.Release|Any CPU.Build.0 = Release|Any CPU
	EndGlobalSection
	GlobalSection(SolutionProperties) = preSolution
		HideSolutionNode = FALSE
	EndGlobalSection
	GlobalSection(ExtensibilityGlobals) = postSolution
		SolutionGuid = {9A0A535A-B40E-4527-86F7-1B43A97E0D93}
	EndGlobalSection
EndGlobal
